
Microsoft Visual Studio Solution File, Format Version 12.00
# Visual Studio Version 18
VisualStudioVersion = 18.0.0.0
MinimumVisualStudioVersion = 10.0.40219.1
Project("{FAE04EC0-301F-11D3-BF4B-00C04F79EFBC}") = "InfiniTranseon.Contracts", "src\InfiniTranseon.Contracts\InfiniTranseon.Contracts.csproj", "{1E1E60BC-86EC-4F62-82F0-7B7A97D18D70}"
EndProject
Project("{FAE04EC0-301F-11D3-BF4B-00C04F79EFBC}") = "InfiniTranseon.Core", "src\InfiniTranseon.Core\InfiniTranseon.Core.csproj", "{9F62AE8C-FF6F-4AFE-9410-9DA7F0BAAF1C}"
EndProject
Project("{FAE04EC0-301F-11D3-BF4B-00C04F79EFBC}") = "InfiniTranseon.Testing", "tests\InfiniTranseon.Testing\InfiniTranseon.Testing.csproj", "{D42125B8-B3F2-4C24-8897-FE328A045D53}"
EndProject
Project("{FAE04EC0-301F-11D3-BF4B-00C04F79EFBC}") = "InfiniTranseon.Core.Tests", "tests\InfiniTranseon.Core.Tests\InfiniTranseon.Core.Tests.csproj", "{706EFF28-8D99-461B-A5A4-F3E23E27C7A9}"
EndProject
Project("{FAE04EC0-301F-11D3-BF4B-00C04F79EFBC}") = "InfiniTranseon.ModelWorker", "src\InfiniTranseon.ModelWorker\InfiniTranseon.ModelWorker.csproj", "{9BCA44EA-7049-4B16-9E7B-9B850C1E9C8E}"
EndProject
Project("{FAE04EC0-301F-11D3-BF4B-00C04F79EFBC}") = "InfiniTranseon.IntegrationTests", "tests\InfiniTranseon.IntegrationTests\InfiniTranseon.IntegrationTests.csproj", "{B32199A2-75ED-4B21-B973-4223C6712B9D}"
EndProject
Project("{2150E333-8FDC-42A3-9474-1A3956D46DE8}") = "src", "src", "{827E0CD3-B72D-47B6-A68D-7590B98EB39B}"
EndProject
Project("{FAE04EC0-301F-11D3-BF4B-00C04F79EFBC}") = "InfiniTranseon.App", "src\InfiniTranseon.App\InfiniTranseon.App.csproj", "{028A7160-F4BF-4F44-A0C9-EF4A1E14784D}"
EndProject
Project("{FAE04EC0-301F-11D3-BF4B-00C04F79EFBC}") = "InfiniTranseon.App.Tests", "tests\InfiniTranseon.App.Tests\InfiniTranseon.App.Tests.csproj", "{A7C3F1E2-4B5D-4E6F-9A0B-1C2D3E4F5A6B}"
EndProject
Project("{2150E333-8FDC-42A3-9474-1A3956D46DE8}") = "tests", "tests", "{0AB3BF05-4346-4AA6-1389-037BE0695223}"
EndProject
Project("{FAE04EC0-301F-11D3-BF4B-00C04F79EFBC}") = "InfiniTranseon.Bench.Tests", "tests\InfiniTranseon.Bench.Tests\InfiniTranseon.Bench.Tests.csproj", "{FD3D3510-B343-4306-86A2-57DE4D830211}"
EndProject
Global
	GlobalSection(SolutionConfigurationPlatforms) = preSolution
		Debug|x64 = Debug|x64
		Debug|Any CPU = Debug|Any CPU
		Debug|x86 = Debug|x86
		Release|x64 = Release|x64
		Release|Any CPU = Release|Any CPU
		Release|x86 = Release|x86
	EndGlobalSection
	GlobalSection(ProjectConfigurationPlatforms) = postSolution
		{1E1E60BC-86EC-4F62-82F0-7B7A97D18D70}.Debug|x64.ActiveCfg = Debug|x64
		{1E1E60BC-86EC-4F62-82F0-7B7A97D18D70}.Debug|x64.Build.0 = Debug|x64
		{1E1E60BC-86EC-4F62-82F0-7B7A97D18D70}.Debug|Any CPU.ActiveCfg = Debug|Any CPU
		{1E1E60BC-86EC-4F62-82F0-7B7A97D18D70}.Debug|Any CPU.Build.0 = Debug|Any CPU
		{1E1E60BC-86EC-4F62-82F0-7B7A97D18D70}.Debug|x86.ActiveCfg = Debug|Any CPU
		{1E1E60BC-86EC-4F62-82F0-7B7A97D18D70}.Debug|x86.Build.0 = Debug|Any CPU
		{1E1E60BC-86EC-4F62-82F0-7B7A97D18D70}.Release|x64.ActiveCfg = Release|x64
		{1E1E60BC-86EC-4F62-82F0-7B7A97D18D70}.Release|x64.Build.0 = Release|x64
		{1E1E60BC-86EC-4F62-82F0-7B7A97D18D70}.Release|Any CPU.ActiveCfg = Release|Any CPU
		{1E1E60BC-86EC-4F62-82F0-7B7A97D18D70}.Release|Any CPU.Build.0 = Release|Any CPU
		{1E1E60BC-86EC-4F62-82F0-7B7A97D18D70}.Release|x86.ActiveCfg = Release|Any CPU
		{1E1E60BC-86EC-4F62-82F0-7B7A97D18D70}.Release|x86.Build.0 = Release|Any CPU
		{9F62AE8C-FF6F-4AFE-9410-9DA7F0BAAF1C}.Debug|x64.ActiveCfg = Debug|x64
		{9F62AE8C-FF6F-4AFE-9410-9DA7F0BAAF1C}.Debug|x64.Build.0 = Debug|x64
		{9F62AE8C-FF6F-4AFE-9410-9DA7F0BAAF1C}.Debug|Any CPU.ActiveCfg = Debug|Any CPU
		{9F62AE8C-FF6F-4AFE-9410-9DA7F0BAAF1C}.Debug|Any CPU.Build.0 = Debug|Any CPU
		{9F62AE8C-FF6F-4AFE-9410-9DA7F0BAAF1C}.Debug|x86.ActiveCfg = Debug|Any CPU
		{9F62AE8C-FF6F-4AFE-9410-9DA7F0BAAF1C}.Debug|x86.Build.0 = Debug|Any CPU
		{9F62AE8C-FF6F-4AFE-9410-9DA7F0BAAF1C}.Release|x64.ActiveCfg = Release|x64
		{9F62AE8C-FF6F-4AFE-9410-9DA7F0BAAF1C}.Release|x64.Build.0 = Release|x64
		{9F62AE8C-FF6F-4AFE-9410-9DA7F0BAAF1C}.Release|Any CPU.ActiveCfg = Release|Any CPU
		{9F62AE8C-FF6F-4AFE-9410-9DA7F0BAAF1C}.Release|Any CPU.Build.0 = Release|Any CPU
		{9F62AE8C-FF6F-4AFE-9410-9DA7F0BAAF1C}.Release|x86.ActiveCfg = Release|Any CPU
		{9F62AE8C-FF6F-4AFE-9410-9DA7F0BAAF1C}.Release|x86.Build.0 = Release|Any CPU
		{D42125B8-B3F2-4C24-8897-FE328A045D53}.Debug|x64.ActiveCfg = Debug|x64
		{D42125B8-B3F2-4C24-8897-FE328A045D53}.Debug|x64.Build.0 = Debug|x64
		{D42125B8-B3F2-4C24-8897-FE328A045D53}.Debug|Any CPU.ActiveCfg = Debug|Any CPU
		{D42125B8-B3F2-4C24-8897-FE328A045D53}.Debug|Any CPU.Build.0 = Debug|Any CPU
		{D42125B8-B3F2-4C24-8897-FE328A045D53}.Debug|x86.ActiveCfg = Debug|Any CPU
		{D42125B8-B3F2-4C24-8897-FE328A045D53}.Debug|x86.Build.0 = Debug|Any CPU
		{D42125B8-B3F2-4C24-8897-FE328A045D53}.Release|x64.ActiveCfg = Release|x64
		{D42125B8-B3F2-4C24-8897-FE328A045D53}.Release|x64.Build.0 = Release|x64
		{D42125B8-B3F2-4C24-8897-FE328A045D53}.Release|Any CPU.ActiveCfg = Release|Any CPU
		{D42125B8-B3F2-4C24-8897-FE328A045D53}.Release|Any CPU.Build.0 = Release|Any CPU
		{D42125B8-B3F2-4C24-8897-FE328A045D53}.Release|x86.ActiveCfg = Release|Any CPU
		{D42125B8-B3F2-4C24-8897-FE328A045D53}.Release|x86.Build.0 = Release|Any CPU
		{706EFF28-8D99-461B-A5A4-F3E23E27C7A9}.Debug|x64.ActiveCfg = Debug|x64
		{706EFF28-8D99-461B-A5A4-F3E23E27C7A9}.Debug|x64.Build.0 = Debug|x64
		{706EFF28-8D99-461B-A5A4-F3E23E27C7A9}.Debug|Any CPU.ActiveCfg = Debug|Any CPU
		{706EFF28-8D99-461B-A5A4-F3E23E27C7A9}.Debug|Any CPU.Build.0 = Debug|Any CPU
		{706EFF28-8D99-461B-A5A4-F3E23E27C7A9}.Debug|x86.ActiveCfg = Debug|Any CPU
		{706EFF28-8D99-461B-A5A4-F3E23E27C7A9}.Debug|x86.Build.0 = Debug|Any CPU
		{706EFF28-8D99-461B-A5A4-F3E23E27C7A9}.Release|x64.ActiveCfg = Release|x64
		{706EFF28-8D99-461B-A5A4-F3E23E27C7A9}.Release|x64.Build.0 = Release|x64
		{706EFF28-8D99-461B-A5A4-F3E23E27C7A9}.Release|Any CPU.ActiveCfg = Release|Any CPU
		{706EFF28-8D99-461B-A5A4-F3E23E27C7A9}.Release|Any CPU.Build.0 = Release|Any CPU
		{706EFF28-8D99-461B-A5A4-F3E23E27C7A9}.Release|x86.ActiveCfg = Release|Any CPU
		{706EFF28-8D99-461B-A5A4-F3E23E27C7A9}.Release|x86.Build.0 = Release|Any CPU
		{9BCA44EA-7049-4B16-9E7B-9B850C1E9C8E}.Debug|x64.ActiveCfg = Debug|x64
		{9BCA44EA-7049-4B16-9E7B-9B850C1E9C8E}.Debug|x64.Build.0 = Debug|x64
		{9BCA44EA-7049-4B16-9E7B-9B850C1E9C8E}.Debug|Any CPU.ActiveCfg = Debug|Any CPU
		{9BCA44EA-7049-4B16-9E7B-9B850C1E9C8E}.Debug|Any CPU.Build.0 = Debug|Any CPU
		{9BCA44EA-7049-4B16-9E7B-9B850C1E9C8E}.Debug|x86.ActiveCfg = Debug|Any CPU
		{9BCA44EA-7049-4B16-9E7B-9B850C1E9C8E}.Debug|x86.Build.0 = Debug|Any CPU
		{9BCA44EA-7049-4B16-9E7B-9B850C1E9C8E}.Release|x64.ActiveCfg = Release|x64
		{9BCA44EA-7049-4B16-9E7B-9B850C1E9C8E}.Release|x64.Build.0 = Release|x64
		{9BCA44EA-7049-4B16-9E7B-9B850C1E9C8E}.Release|Any CPU.ActiveCfg = Release|Any CPU
		{9BCA44EA-7049-4B16-9E7B-9B850C1E9C8E}.Release|Any CPU.Build.0 = Release|Any CPU
		{9BCA44EA-7049-4B16-9E7B-9B850C1E9C8E}.Release|x86.ActiveCfg = Release|Any CPU
		{9BCA44EA-7049-4B16-9E7B-9B850C1E9C8E}.Release|x86.Build.0 = Release|Any CPU
		{B32199A2-75ED-4B21-B973-4223C6712B9D}.Debug|x64.ActiveCfg = Debug|x64
		{B32199A2-75ED-4B21-B973-4223C6712B9D}.Debug|x64.Build.0 = Debug|x64
		{B32199A2-75ED-4B21-B973-4223C6712B9D}.Debug|Any CPU.ActiveCfg = Debug|Any CPU
		{B32199A2-75ED-4B21-B973-4223C6712B9D}.Debug|Any CPU.Build.0 = Debug|Any CPU
		{B32199A2-75ED-4B21-B973-4223C6712B9D}.Debug|x86.ActiveCfg = Debug|Any CPU
		{B32199A2-75ED-4B21-B973-4223C6712B9D}.Debug|x86.Build.0 = Debug|Any CPU
		{B32199A2-75ED-4B21-B973-4223C6712B9D}.Release|x64.ActiveCfg = Release|x64
		{B32199A2-75ED-4B21-B973-4223C6712B9D}.Release|x64.Build.0 = Release|x64
		{B32199A2-75ED-4B21-B973-4223C6712B9D}.Release|Any CPU.ActiveCfg = Release|Any CPU
		{B32199A2-75ED-4B21-B973-4223C6712B9D}.Release|Any CPU.Build.0 = Release|Any CPU
		{B32199A2-75ED-4B21-B973-4223C6712B9D}.Release|x86.ActiveCfg = Release|Any CPU
		{B32199A2-75ED-4B21-B973-4223C6712B9D}.Release|x86.Build.0 = Release|Any CPU
		{028A7160-F4BF-4F44-A0C9-EF4A1E14784D}.Debug|x64.ActiveCfg = Debug|x64
		{028A7160-F4BF-4F44-A0C9-EF4A1E14784D}.Debug|x64.Build.0 = Debug|x64
		{028A7160-F4BF-4F44-A0C9-EF4A1E14784D}.Debug|Any CPU.ActiveCfg = Debug|x64
		{028A7160-F4BF-4F44-A0C9-EF4A1E14784D}.Debug|Any CPU.Build.0 = Debug|x64
		{028A7160-F4BF-4F44-A0C9-EF4A1E14784D}.Debug|x86.ActiveCfg = Debug|x64
		{028A7160-F4BF-4F44-A0C9-EF4A1E14784D}.Debug|x86.Build.0 = Debug|x64
		{028A7160-F4BF-4F44-A0C9-EF4A1E14784D}.Release|x64.ActiveCfg = Release|x64
		{028A7160-F4BF-4F44-A0C9-EF4A1E14784D}.Release|x64.Build.0 = Release|x64
		{028A7160-F4BF-4F44-A0C9-EF4A1E14784D}.Release|Any CPU.ActiveCfg = Release|x64
		{028A7160-F4BF-4F44-A0C9-EF4A1E14784D}.Release|Any CPU.Build.0 = Release|x64
		{028A7160-F4BF-4F44-A0C9-EF4A1E14784D}.Release|x86.ActiveCfg = Release|x64
		{028A7160-F4BF-4F44-A0C9-EF4A1E14784D}.Release|x86.Build.0 = Release|x64
		{A7C3F1E2-4B5D-4E6F-9A0B-1C2D3E4F5A6B}.Debug|x64.ActiveCfg = Debug|x64
		{A7C3F1E2-4B5D-4E6F-9A0B-1C2D3E4F5A6B}.Debug|x64.Build.0 = Debug|x64
		{A7C3F1E2-4B5D-4E6F-9A0B-1C2D3E4F5A6B}.Debug|Any CPU.ActiveCfg = Debug|x64
		{A7C3F1E2-4B5D-4E6F-9A0B-1C2D3E4F5A6B}.Debug|Any CPU.Build.0 = Debug|x64
		{A7C3F1E2-4B5D-4E6F-9A0B-1C2D3E4F5A6B}.Debug|x86.ActiveCfg = Debug|x64
		{A7C3F1E2-4B5D-4E6F-9A0B-1C2D3E4F5A6B}.Debug|x86.Build.0 = Debug|x64
		{A7C3F1E2-4B5D-4E6F-9A0B-1C2D3E4F5A6B}.Release|x64.ActiveCfg = Release|x64
		{A7C3F1E2-4B5D-4E6F-9A0B-1C2D3E4F5A6B}.Release|x64.Build.0 = Release|x64
		{A7C3F1E2-4B5D-4E6F-9A0B-1C2D3E4F5A6B}.Release|Any CPU.ActiveCfg = Release|x64
		{A7C3F1E2-4B5D-4E6F-9A0B-1C2D3E4F5A6B}.Release|Any CPU.Build.0 = Release|x64
		{A7C3F1E2-4B5D-4E6F-9A0B-1C2D3E4F5A6B}.Release|x86.ActiveCfg = Release|x64
		{A7C3F1E2-4B5D-4E6F-9A0B-1C2D3E4F5A6B}.Release|x86.Build.0 = Release|x64
		{FD3D3510-B343-4306-86A2-57DE4D830211}.Debug|x64.ActiveCfg = Debug|Any CPU
		{FD3D3510-B343-4306-86A2-57DE4D830211}.Debug|x64.Build.0 = Debug|Any CPU
		{FD3D3510-B343-4306-86A2-57DE4D830211}.Debug|Any CPU.ActiveCfg = Debug|Any CPU
		{FD3D3510-B343-4306-86A2-57DE4D830211}.Debug|Any CPU.Build.0 = Debug|Any CPU
		{FD3D3510-B343-4306-86A2-57DE4D830211}.Debug|x86.ActiveCfg = Debug|Any CPU
		{FD3D3510-B343-4306-86A2-57DE4D830211}.Debug|x86.Build.0 = Debug|Any CPU
		{FD3D3510-B343-4306-86A2-57DE4D830211}.Release|x64.ActiveCfg = Release|Any CPU
		{FD3D3510-B343-4306-86A2-57DE4D830211}.Release|x64.Build.0 = Release|Any CPU
		{FD3D3510-B343-4306-86A2-57DE4D830211}.Release|Any CPU.ActiveCfg = Release|Any CPU
		{FD3D3510-B343-4306-86A2-57DE4D830211}.Release|Any CPU.Build.0 = Release|Any CPU
		{FD3D3510-B343-4306-86A2-57DE4D830211}.Release|x86.ActiveCfg = Release|Any CPU
		{FD3D3510-B343-4306-86A2-57DE4D830211}.Release|x86.Build.0 = Release|Any CPU
	EndGlobalSection
	GlobalSection(SolutionProperties) = preSolution
		HideSolutionNode = FALSE
	EndGlobalSection
	GlobalSection(NestedProjects) = preSolution
		{028A7160-F4BF-4F44-A0C9-EF4A1E14784D} = {827E0CD3-B72D-47B6-A68D-7590B98EB39B}
		{FD3D3510-B343-4306-86A2-57DE4D830211} = {0AB3BF05-4346-4AA6-1389-037BE0695223}
	EndGlobalSection
EndGlobal
